{
  "originHash" : "262ee568d816325fdfdadda62787c5c83c0547e6f45fa5996f05b01703ef22a2",
  "pins" : [
    {
      "identity" : "wwwavwriter",
      "kind" : "remoteSourceControl",
      "location" : "https://github.com/William-Weng/WWWavWriter",
      "state" : {
        "revision" : "503304723a6d97698294d634b1785fdc4cd7bc85",
        "version" : "1.1.0"
      }
    }
  ],
  "version" : 3
}
